
Microsoft Visual Studio Solution File, Format Version 12.00
# Visual Studio Version 17
VisualStudioVersion = 17.3.32819.101
MinimumVisualStudioVersion = 10.0.40219.1
Project("{2150E333-8FDC-42A3-9474-1A3956D46DE8}") = "Services", "Services", "{0A726352-9AF2-45D6-90F8-5D6F9B2059F8}"
EndProject
Project("{2150E333-8FDC-42A3-9474-1A3956D46DE8}") = "Catalog", "Catalog", "{975DC4CE-54AE-47DA-9044-56B26041CB3C}"
EndProject
Project("{9A19103F-16F7-4668-BE54-9A1E7A4F7556}") = "Catalog.Api", "Services\Catalog\Catalog.Api\Catalog.Api.csproj", "{FBA0A02E-8A56-4E17-8473-468D447EEF80}"
EndProject
Project("{9A19103F-16F7-4668-BE54-9A1E7A4F7556}") = "Catalog.Core", "Services\Catalog\Catalog.Core\Catalog.Core.csproj", "{18918B0F-B035-4CE6-AB0F-CE722E684EE1}"
EndProject
Project("{9A19103F-16F7-4668-BE54-9A1E7A4F7556}") = "Catalog.Application", "Services\Catalog\Catalog.Application\Catalog.Application.csproj", "{C856AF0E-4A80-4B36-80A0-F075687C549D}"
EndProject
Project("{9A19103F-16F7-4668-BE54-9A1E7A4F7556}") = "Catalog.Infrastructure", "Services\Catalog\Catalog.Infrastructure\Catalog.Infrastructure.csproj", "{645369C3-2123-4794-B33B-2F84164844A5}"
EndProject
Project("{2150E333-8FDC-42A3-9474-1A3956D46DE8}") = "Basket", "Basket", "{9793C4D9-C30A-4E27-B33A-6F7E313FF5FC}"
EndProject
Project("{9A19103F-16F7-4668-BE54-9A1E7A4F7556}") = "Basket.API", "Services\Basket\Basket.API\Basket.API.csproj", "{C09091B5-1E01-442A-A6FF-CE50393E24D2}"
EndProject
Project("{9A19103F-16F7-4668-BE54-9A1E7A4F7556}") = "Basket.Application", "Services\Basket\Basket.Application\Basket.Application.csproj", "{47F1DD02-4D22-4B86-91B3-E99DB9F6D4EF}"
EndProject
Project("{9A19103F-16F7-4668-BE54-9A1E7A4F7556}") = "Basket.Core", "Services\Basket\Basket.Core\Basket.Core.csproj", "{5BC0C7AF-D12C-448D-AA30-2A2859C86D40}"
EndProject
Project("{9A19103F-16F7-4668-BE54-9A1E7A4F7556}") = "Basket.Infrastructure", "Services\Basket\Basket.Infrastructure\Basket.Infrastructure.csproj", "{80DB42BB-0BFB-4035-8752-D51DF64ADF55}"
EndProject
Project("{2150E333-8FDC-42A3-9474-1A3956D46DE8}") = "Discount", "Discount", "{0C377F79-D0FE-48D6-9870-42D983FD0678}"
EndProject
Project("{9A19103F-16F7-4668-BE54-9A1E7A4F7556}") = "Discount.API", "Services\Discount\Discount.API\Discount.API.csproj", "{B2C05A5C-4773-4281-8674-5A5A9D7061B9}"
EndProject
Project("{9A19103F-16F7-4668-BE54-9A1E7A4F7556}") = "Discount.Core", "Services\Discount\Discount.Core\Discount.Core.csproj", "{3FA39BC4-D2DD-4902-B92A-EEE8323408A7}"
EndProject
Project("{9A19103F-16F7-4668-BE54-9A1E7A4F7556}") = "Discount.Infrastructure", "Services\Discount\Discount.Infrastructure\Discount.Infrastructure.csproj", "{6A34C89B-A8C6-4D40-8D30-F0E297A97858}"
EndProject
Project("{9A19103F-16F7-4668-BE54-9A1E7A4F7556}") = "Discount.Application", "Services\Discount\Discount.Application\Discount.Application.csproj", "{A1045F81-047F-4DEA-BDB8-6F3B040B1F12}"
EndProject
Project("{2150E333-8FDC-42A3-9474-1A3956D46DE8}") = "Ordering", "Ordering", "{A3402F97-1249-4A0F-940E-3C6A5016DB02}"
EndProject
Project("{9A19103F-16F7-4668-BE54-9A1E7A4F7556}") = "Ordering.Core", "Services\Ordering\Ordering.Core\Ordering.Core.csproj", "{DB4FBFF7-A3D0-4E12-81EC-3245BBB3797C}"
EndProject
Project("{9A19103F-16F7-4668-BE54-9A1E7A4F7556}") = "Ordering.Application", "Services\Ordering\Ordering.Application\Ordering.Application.csproj", "{29D81269-2EAC-4365-A591-E964F609392B}"
EndProject
Project("{9A19103F-16F7-4668-BE54-9A1E7A4F7556}") = "Ordering.Infrastructure", "Services\Ordering\Ordering.Infrastructure\Ordering.Infrastructure.csproj", "{68182275-41E6-4CED-9293-F21CAE7A5C3A}"
EndProject
Project("{9A19103F-16F7-4668-BE54-9A1E7A4F7556}") = "Ordering.API", "Services\Ordering\Ordering.API\Ordering.API.csproj", "{F6DE87DF-DBCC-444A-9688-2682ED0994A6}"
EndProject
Project("{2150E333-8FDC-42A3-9474-1A3956D46DE8}") = "Infrastructure", "Infrastructure", "{003296FC-698A-456A-A1F7-C576176476FB}"
EndProject
Project("{FAE04EC0-301F-11D3-BF4B-00C04F79EFBC}") = "EventBus.Messages", "Infrastructure\EventBus.Messages\EventBus.Messages.csproj", "{5780575B-6266-49BD-B81E-7FECE2C78CD9}"
EndProject
Global
	GlobalSection(SolutionConfigurationPlatforms) = preSolution
		Debug|Any CPU = Debug|Any CPU
		Release|Any CPU = Release|Any CPU
	EndGlobalSection
	GlobalSection(ProjectConfigurationPlatforms) = postSolution
		{FBA0A02E-8A56-4E17-8473-468D447EEF80}.Debug|Any CPU.ActiveCfg = Debug|Any CPU
		{FBA0A02E-8A56-4E17-8473-468D447EEF80}.Debug|Any CPU.Build.0 = Debug|Any CPU
		{FBA0A02E-8A56-4E17-8473-468D447EEF80}.Release|Any CPU.ActiveCfg = Release|Any CPU
		{FBA0A02E-8A56-4E17-8473-468D447EEF80}.Release|Any CPU.Build.0 = Release|Any CPU
		{18918B0F-B035-4CE6-AB0F-CE722E684EE1}.Debug|Any CPU.ActiveCfg = Debug|Any CPU
		{18918B0F-B035-4CE6-AB0F-CE722E684EE1}.Debug|Any CPU.Build.0 = Debug|Any CPU
		{18918B0F-B035-4CE6-AB0F-CE722E684EE1}.Release|Any CPU.ActiveCfg = Release|Any CPU
		{18918B0F-B035-4CE6-AB0F-CE722E684EE1}.Release|Any CPU.Build.0 = Release|Any CPU
		{C856AF0E-4A80-4B36-80A0-F075687C549D}.Debug|Any CPU.ActiveCfg = Debug|Any CPU
		{C856AF0E-4A80-4B36-80A0-F075687C549D}.Debug|Any CPU.Build.0 = Debug|Any CPU
		{C856AF0E-4A80-4B36-80A0-F075687C549D}.Release|Any CPU.ActiveCfg = Release|Any CPU
		{C856AF0E-4A80-4B36-80A0-F075687C549D}.Release|Any CPU.Build.0 = Release|Any CPU
		{645369C3-2123-4794-B33B-2F84164844A5}.Debug|Any CPU.ActiveCfg = Debug|Any CPU
		{645369C3-2123-4794-B33B-2F84164844A5}.Debug|Any CPU.Build.0 = Debug|Any CPU
		{645369C3-2123-4794-B33B-2F84164844A5}.Release|Any CPU.ActiveCfg = Release|Any CPU
		{645369C3-2123-4794-B33B-2F84164844A5}.Release|Any CPU.Build.0 = Release|Any CPU
		{C09091B5-1E01-442A-A6FF-CE50393E24D2}.Debug|Any CPU.ActiveCfg = Debug|Any CPU
		{C09091B5-1E01-442A-A6FF-CE50393E24D2}.Debug|Any CPU.Build.0 = Debug|Any CPU
		{C09091B5-1E01-442A-A6FF-CE50393E24D2}.Release|Any CPU.ActiveCfg = Release|Any CPU
		{C09091B5-1E01-442A-A6FF-CE50393E24D2}.Release|Any CPU.Build.0 = Release|Any CPU
		{47F1DD02-4D22-4B86-91B3-E99DB9F6D4EF}.Debug|Any CPU.ActiveCfg = Debug|Any CPU
		{47F1DD02-4D22-4B86-91B3-E99DB9F6D4EF}.Debug|Any CPU.Build.0 = Debug|Any CPU
		{47F1DD02-4D22-4B86-91B3-E99DB9F6D4EF}.Release|Any CPU.ActiveCfg = Release|Any CPU
		{47F1DD02-4D22-4B86-91B3-E99DB9F6D4EF}.Release|Any CPU.Build.0 = Release|Any CPU
		{5BC0C7AF-D12C-448D-AA30-2A2859C86D40}.Debug|Any CPU.ActiveCfg = Debug|Any CPU
		{5BC0C7AF-D12C-448D-AA30-2A2859C86D40}.Debug|Any CPU.Build.0 = Debug|Any CPU
		{5BC0C7AF-D12C-448D-AA30-2A2859C86D40}.Release|Any CPU.ActiveCfg = Release|Any CPU
		{5BC0C7AF-D12C-448D-AA30-2A2859C86D40}.Release|Any CPU.Build.0 = Release|Any CPU
		{80DB42BB-0BFB-4035-8752-D51DF64ADF55}.Debug|Any CPU.ActiveCfg = Debug|Any CPU
		{80DB42BB-0BFB-4035-8752-D51DF64ADF55}.Debug|Any CPU.Build.0 = Debug|Any CPU
		{80DB42BB-0BFB-4035-8752-D51DF64ADF55}.Release|Any CPU.ActiveCfg = Release|Any CPU
		{80DB42BB-0BFB-4035-8752-D51DF64ADF55}.Release|Any CPU.Build.0 = Release|Any CPU
		{B2C05A5C-4773-4281-8674-5A5A9D7061B9}.Debug|Any CPU.ActiveCfg = Debug|Any CPU
		{B2C05A5C-4773-4281-8674-5A5A9D7061B9}.Debug|Any CPU.Build.0 = Debug|Any CPU
		{B2C05A5C-4773-4281-8674-5A5A9D7061B9}.Release|Any CPU.ActiveCfg = Release|Any CPU
		{B2C05A5C-4773-4281-8674-5A5A9D7061B9}.Release|Any CPU.Build.0 = Release|Any CPU
		{3FA39BC4-D2DD-4902-B92A-EEE8323408A7}.Debug|Any CPU.ActiveCfg = Debug|Any CPU
		{3FA39BC4-D2DD-4902-B92A-EEE8323408A7}.Debug|Any CPU.Build.0 = Debug|Any CPU
		{3FA39BC4-D2DD-4902-B92A-EEE8323408A7}.Release|Any CPU.ActiveCfg = Release|Any CPU
		{3FA39BC4-D2DD-4902-B92A-EEE8323408A7}.Release|Any CPU.Build.0 = Release|Any CPU
		{6A34C89B-A8C6-4D40-8D30-F0E297A97858}.Debug|Any CPU.ActiveCfg = Debug|Any CPU
		{6A34C89B-A8C6-4D40-8D30-F0E297A97858}.Debug|Any CPU.Build.0 = Debug|Any CPU
		{6A34C89B-A8C6-4D40-8D30-F0E297A97858}.Release|Any CPU.ActiveCfg = Release|Any CPU
		{6A34C89B-A8C6-4D40-8D30-F0E297A97858}.Release|Any CPU.Build.0 = Release|Any CPU
		{A1045F81-047F-4DEA-BDB8-6F3B040B1F12}.Debug|Any CPU.ActiveCfg = Debug|Any CPU
		{A1045F81-047F-4DEA-BDB8-6F3B040B1F12}.Debug|Any CPU.Build.0 = Debug|Any CPU
		{A1045F81-047F-4DEA-BDB8-6F3B040B1F12}.Release|Any CPU.ActiveCfg = Release|Any CPU
		{A1045F81-047F-4DEA-BDB8-6F3B040B1F12}.Release|Any CPU.Build.0 = Release|Any CPU
		{DB4FBFF7-A3D0-4E12-81EC-3245BBB3797C}.Debug|Any CPU.ActiveCfg = Debug|Any CPU
		{DB4FBFF7-A3D0-4E12-81EC-3245BBB3797C}.Debug|Any CPU.Build.0 = Debug|Any CPU
		{DB4FBFF7-A3D0-4E12-81EC-3245BBB3797C}.Release|Any CPU.ActiveCfg = Release|Any CPU
		{DB4FBFF7-A3D0-4E12-81EC-3245BBB3797C}.Release|Any CPU.Build.0 = Release|Any CPU
		{29D81269-2EAC-4365-A591-E964F609392B}.Debug|Any CPU.ActiveCfg = Debug|Any CPU
		{29D81269-2EAC-4365-A591-E964F609392B}.Debug|Any CPU.Build.0 = Debug|Any CPU
		{29D81269-2EAC-4365-A591-E964F609392B}.Release|Any CPU.ActiveCfg = Release|Any CPU
		{29D81269-2EAC-4365-A591-E964F609392B}.Release|Any CPU.Build.0 = Release|Any CPU
		{68182275-41E6-4CED-9293-F21CAE7A5C3A}.Debug|Any CPU.ActiveCfg = Debug|Any CPU
		{68182275-41E6-4CED-9293-F21CAE7A5C3A}.Debug|Any CPU.Build.0 = Debug|Any CPU
		{68182275-41E6-4CED-9293-F21CAE7A5C3A}.Release|Any CPU.ActiveCfg = Release|Any CPU
		{68182275-41E6-4CED-9293-F21CAE7A5C3A}.Release|Any CPU.Build.0 = Release|Any CPU
		{F6DE87DF-DBCC-444A-9688-2682ED0994A6}.Debug|Any CPU.ActiveCfg = Debug|Any CPU
		{F6DE87DF-DBCC-444A-9688-2682ED0994A6}.Debug|Any CPU.Build.0 = Debug|Any CPU
		{F6DE87DF-DBCC-444A-9688-2682ED0994A6}.Release|Any CPU.ActiveCfg = Release|Any CPU
		{F6DE87DF-DBCC-444A-9688-2682ED0994A6}.Release|Any CPU.Build.0 = Release|Any CPU
		{5780575B-6266-49BD-B81E-7FECE2C78CD9}.Debug|Any CPU.ActiveCfg = Debug|Any CPU
		{5780575B-6266-49BD-B81E-7FECE2C78CD9}.Debug|Any CPU.Build.0 = Debug|Any CPU
		{5780575B-6266-49BD-B81E-7FECE2C78CD9}.Release|Any CPU.ActiveCfg = Release|Any CPU
		{5780575B-6266-49BD-B81E-7FECE2C78CD9}.Release|Any CPU.Build.0 = Release|Any CPU
	EndGlobalSection
	GlobalSection(SolutionProperties) = preSolution
		HideSolutionNode = FALSE
	EndGlobalSection
	GlobalSection(NestedProjects) = preSolution
		{975DC4CE-54AE-47DA-9044-56B26041CB3C} = {0A726352-9AF2-45D6-90F8-5D6F9B2059F8}
		{FBA0A02E-8A56-4E17-8473-468D447EEF80} = {975DC4CE-54AE-47DA-9044-56B26041CB3C}
		{18918B0F-B035-4CE6-AB0F-CE722E684EE1} = {975DC4CE-54AE-47DA-9044-56B26041CB3C}
		{C856AF0E-4A80-4B36-80A0-F075687C549D} = {975DC4CE-54AE-47DA-9044-56B26041CB3C}
		{645369C3-2123-4794-B33B-2F84164844A5} = {975DC4CE-54AE-47DA-9044-56B26041CB3C}
		{9793C4D9-C30A-4E27-B33A-6F7E313FF5FC} = {0A726352-9AF2-45D6-90F8-5D6F9B2059F8}
		{C09091B5-1E01-442A-A6FF-CE50393E24D2} = {9793C4D9-C30A-4E27-B33A-6F7E313FF5FC}
		{47F1DD02-4D22-4B86-91B3-E99DB9F6D4EF} = {9793C4D9-C30A-4E27-B33A-6F7E313FF5FC}
		{5BC0C7AF-D12C-448D-AA30-2A2859C86D40} = {9793C4D9-C30A-4E27-B33A-6F7E313FF5FC}
		{80DB42BB-0BFB-4035-8752-D51DF64ADF55} = {9793C4D9-C30A-4E27-B33A-6F7E313FF5FC}
		{0C377F79-D0FE-48D6-9870-42D983FD0678} = {0A726352-9AF2-45D6-90F8-5D6F9B2059F8}
		{B2C05A5C-4773-4281-8674-5A5A9D7061B9} = {0C377F79-D0FE-48D6-9870-42D983FD0678}
		{3FA39BC4-D2DD-4902-B92A-EEE8323408A7} = {0C377F79-D0FE-48D6-9870-42D983FD0678}
		{6A34C89B-A8C6-4D40-8D30-F0E297A97858} = {0C377F79-D0FE-48D6-9870-42D983FD0678}
		{A1045F81-047F-4DEA-BDB8-6F3B040B1F12} = {0C377F79-D0FE-48D6-9870-42D983FD0678}
		{A3402F97-1249-4A0F-940E-3C6A5016DB02} = {0A726352-9AF2-45D6-90F8-5D6F9B2059F8}
		{DB4FBFF7-A3D0-4E12-81EC-3245BBB3797C} = {A3402F97-1249-4A0F-940E-3C6A5016DB02}
		{29D81269-2EAC-4365-A591-E964F609392B} = {A3402F97-1249-4A0F-940E-3C6A5016DB02}
		{68182275-41E6-4CED-9293-F21CAE7A5C3A} = {A3402F97-1249-4A0F-940E-3C6A5016DB02}
		{F6DE87DF-DBCC-444A-9688-2682ED0994A6} = {A3402F97-1249-4A0F-940E-3C6A5016DB02}
		{5780575B-6266-49BD-B81E-7FECE2C78CD9} = {003296FC-698A-456A-A1F7-C576176476FB}
	EndGlobalSection
	GlobalSection(ExtensibilityGlobals) = postSolution
		SolutionGuid = {8766F605-B46C-4E78-97C5-3B8809A91965}
	EndGlobalSection
EndGlobal
