
Microsoft Visual Studio Solution File, Format Version 12.00
# Visual Studio Version 17
VisualStudioVersion = 17.3.32819.101
MinimumVisualStudioVersion = 10.0.40219.1
Project("{2150E333-8FDC-42A3-9474-1A3956D46DE8}") = "Services", "Services", "{0A726352-9AF2-45D6-90F8-5D6F9B2059F8}"
EndProject
Project("{2150E333-8FDC-42A3-9474-1A3956D46DE8}") = "Catalog", "Catalog", "{975DC4CE-54AE-47DA-9044-56B26041CB3C}"
EndProject
Project("{9A19103F-16F7-4668-BE54-9A1E7A4F7556}") = "Catalog.Api", "Services\Catalog\Catalog.Api\Catalog.Api.csproj", "{FBA0A02E-8A56-4E17-8473-468D447EEF80}"
EndProject
Project("{9A19103F-16F7-4668-BE54-9A1E7A4F7556}") = "Catalog.Core", "Services\Catalog\Catalog.Core\Catalog.Core.csproj", "{18918B0F-B035-4CE6-AB0F-CE722E684EE1}"
EndProject
Project("{9A19103F-16F7-4668-BE54-9A1E7A4F7556}") = "Catalog.Application", "Services\Catalog\Catalog.Application\Catalog.Application.csproj", "{C856AF0E-4A80-4B36-80A0-F075687C549D}"
EndProject
Project("{9A19103F-16F7-4668-BE54-9A1E7A4F7556}") = "Catalog.Infrastructure", "Services\Catalog\Catalog.Infrastructure\Catalog.Infrastructure.csproj", "{645369C3-2123-4794-B33B-2F84164844A5}"
EndProject
Project("{2150E333-8FDC-42A3-9474-1A3956D46DE8}") = "Basket", "Basket", "{9793C4D9-C30A-4E27-B33A-6F7E313FF5FC}"
EndProject
Project("{FAE04EC0-301F-11D3-BF4B-00C04F79EFBC}") = "Basket.API", "Services\Basket\Basket.API\Basket.API.csproj", "{C09091B5-1E01-442A-A6FF-CE50393E24D2}"
EndProject
Project("{FAE04EC0-301F-11D3-BF4B-00C04F79EFBC}") = "Basket.Application", "Services\Basket\Basket.Application\Basket.Application.csproj", "{47F1DD02-4D22-4B86-91B3-E99DB9F6D4EF}"
EndProject
Project("{FAE04EC0-301F-11D3-BF4B-00C04F79EFBC}") = "Basket.Core", "Services\Basket\Basket.Core\Basket.Core.csproj", "{5BC0C7AF-D12C-448D-AA30-2A2859C86D40}"
EndProject
Project("{FAE04EC0-301F-11D3-BF4B-00C04F79EFBC}") = "Basket.Infrastructure", "Services\Basket\Basket.Infrastructure\Basket.Infrastructure.csproj", "{80DB42BB-0BFB-4035-8752-D51DF64ADF55}"
EndProject
Global
	GlobalSection(SolutionConfigurationPlatforms) = preSolution
		Debug|Any CPU = Debug|Any CPU
		Release|Any CPU = Release|Any CPU
	EndGlobalSection
	GlobalSection(ProjectConfigurationPlatforms) = postSolution
		{FBA0A02E-8A56-4E17-8473-468D447EEF80}.Debug|Any CPU.ActiveCfg = Debug|Any CPU
		{FBA0A02E-8A56-4E17-8473-468D447EEF80}.Debug|Any CPU.Build.0 = Debug|Any CPU
		{FBA0A02E-8A56-4E17-8473-468D447EEF80}.Release|Any CPU.ActiveCfg = Release|Any CPU
		{FBA0A02E-8A56-4E17-8473-468D447EEF80}.Release|Any CPU.Build.0 = Release|Any CPU
		{18918B0F-B035-4CE6-AB0F-CE722E684EE1}.Debug|Any CPU.ActiveCfg = Debug|Any CPU
		{18918B0F-B035-4CE6-AB0F-CE722E684EE1}.Debug|Any CPU.Build.0 = Debug|Any CPU
		{18918B0F-B035-4CE6-AB0F-CE722E684EE1}.Release|Any CPU.ActiveCfg = Release|Any CPU
		{18918B0F-B035-4CE6-AB0F-CE722E684EE1}.Release|Any CPU.Build.0 = Release|Any CPU
		{C856AF0E-4A80-4B36-80A0-F075687C549D}.Debug|Any CPU.ActiveCfg = Debug|Any CPU
		{C856AF0E-4A80-4B36-80A0-F075687C549D}.Debug|Any CPU.Build.0 = Debug|Any CPU
		{C856AF0E-4A80-4B36-80A0-F075687C549D}.Release|Any CPU.ActiveCfg = Release|Any CPU
		{C856AF0E-4A80-4B36-80A0-F075687C549D}.Release|Any CPU.Build.0 = Release|Any CPU
		{645369C3-2123-4794-B33B-2F84164844A5}.Debug|Any CPU.ActiveCfg = Debug|Any CPU
		{645369C3-2123-4794-B33B-2F84164844A5}.Debug|Any CPU.Build.0 = Debug|Any CPU
		{645369C3-2123-4794-B33B-2F84164844A5}.Release|Any CPU.ActiveCfg = Release|Any CPU
		{645369C3-2123-4794-B33B-2F84164844A5}.Release|Any CPU.Build.0 = Release|Any CPU
		{C09091B5-1E01-442A-A6FF-CE50393E24D2}.Debug|Any CPU.ActiveCfg = Debug|Any CPU
		{C09091B5-1E01-442A-A6FF-CE50393E24D2}.Debug|Any CPU.Build.0 = Debug|Any CPU
		{C09091B5-1E01-442A-A6FF-CE50393E24D2}.Release|Any CPU.ActiveCfg = Release|Any CPU
		{C09091B5-1E01-442A-A6FF-CE50393E24D2}.Release|Any CPU.Build.0 = Release|Any CPU
		{47F1DD02-4D22-4B86-91B3-E99DB9F6D4EF}.Debug|Any CPU.ActiveCfg = Debug|Any CPU
		{47F1DD02-4D22-4B86-91B3-E99DB9F6D4EF}.Debug|Any CPU.Build.0 = Debug|Any CPU
		{47F1DD02-4D22-4B86-91B3-E99DB9F6D4EF}.Release|Any CPU.ActiveCfg = Release|Any CPU
		{47F1DD02-4D22-4B86-91B3-E99DB9F6D4EF}.Release|Any CPU.Build.0 = Release|Any CPU
		{5BC0C7AF-D12C-448D-AA30-2A2859C86D40}.Debug|Any CPU.ActiveCfg = Debug|Any CPU
		{5BC0C7AF-D12C-448D-AA30-2A2859C86D40}.Debug|Any CPU.Build.0 = Debug|Any CPU
		{5BC0C7AF-D12C-448D-AA30-2A2859C86D40}.Release|Any CPU.ActiveCfg = Release|Any CPU
		{5BC0C7AF-D12C-448D-AA30-2A2859C86D40}.Release|Any CPU.Build.0 = Release|Any CPU
		{80DB42BB-0BFB-4035-8752-D51DF64ADF55}.Debug|Any CPU.ActiveCfg = Debug|Any CPU
		{80DB42BB-0BFB-4035-8752-D51DF64ADF55}.Debug|Any CPU.Build.0 = Debug|Any CPU
		{80DB42BB-0BFB-4035-8752-D51DF64ADF55}.Release|Any CPU.ActiveCfg = Release|Any CPU
		{80DB42BB-0BFB-4035-8752-D51DF64ADF55}.Release|Any CPU.Build.0 = Release|Any CPU
	EndGlobalSection
	GlobalSection(SolutionProperties) = preSolution
		HideSolutionNode = FALSE
	EndGlobalSection
	GlobalSection(NestedProjects) = preSolution
		{975DC4CE-54AE-47DA-9044-56B26041CB3C} = {0A726352-9AF2-45D6-90F8-5D6F9B2059F8}
		{FBA0A02E-8A56-4E17-8473-468D447EEF80} = {975DC4CE-54AE-47DA-9044-56B26041CB3C}
		{18918B0F-B035-4CE6-AB0F-CE722E684EE1} = {975DC4CE-54AE-47DA-9044-56B26041CB3C}
		{C856AF0E-4A80-4B36-80A0-F075687C549D} = {975DC4CE-54AE-47DA-9044-56B26041CB3C}
		{645369C3-2123-4794-B33B-2F84164844A5} = {975DC4CE-54AE-47DA-9044-56B26041CB3C}
		{9793C4D9-C30A-4E27-B33A-6F7E313FF5FC} = {0A726352-9AF2-45D6-90F8-5D6F9B2059F8}
		{C09091B5-1E01-442A-A6FF-CE50393E24D2} = {9793C4D9-C30A-4E27-B33A-6F7E313FF5FC}
		{47F1DD02-4D22-4B86-91B3-E99DB9F6D4EF} = {9793C4D9-C30A-4E27-B33A-6F7E313FF5FC}
		{5BC0C7AF-D12C-448D-AA30-2A2859C86D40} = {9793C4D9-C30A-4E27-B33A-6F7E313FF5FC}
		{80DB42BB-0BFB-4035-8752-D51DF64ADF55} = {9793C4D9-C30A-4E27-B33A-6F7E313FF5FC}
	EndGlobalSection
	GlobalSection(ExtensibilityGlobals) = postSolution
		SolutionGuid = {8766F605-B46C-4E78-97C5-3B8809A91965}
	EndGlobalSection
EndGlobal
